
Microsoft Visual Studio Solution File, Format Version 12.00
# Visual Studio Version 16
VisualStudioVersion = 16.0.32106.194
MinimumVisualStudioVersion = 10.0.40219.1
Project("{FAE04EC0-301F-11D3-BF4B-00C04F79EFBC}") = "GameOfTheYear", "GameOfTheYear\GameOfTheYear.csproj", "{396F2B44-217C-47A8-B6B0-13446C387FE8}"
EndProject
Global
	GlobalSection(SolutionConfigurationPlatforms) = preSolution
		Debug|Any CPU = Debug|Any CPU
		Release|Any CPU = Release|Any CPU
	EndGlobalSection
	GlobalSection(ProjectConfigurationPlatforms) = postSolution
		{396F2B44-217C-47A8-B6B0-13446C387FE8}.Debug|Any CPU.ActiveCfg = Debug|Any CPU
		{396F2B44-217C-47A8-B6B0-13446C387FE8}.Debug|Any CPU.Build.0 = Debug|Any CPU
		{396F2B44-217C-47A8-B6B0-13446C387FE8}.Release|Any CPU.ActiveCfg = Release|Any CPU
		{396F2B44-217C-47A8-B6B0-13446C387FE8}.Release|Any CPU.Build.0 = Release|Any CPU
	EndGlobalSection
	GlobalSection(SolutionProperties) = preSolution
		HideSolutionNode = FALSE
	EndGlobalSection
	GlobalSection(ExtensibilityGlobals) = postSolution
		SolutionGuid = {D6283CB7-2BED-4419-9244-D484B3FFC809}
	EndGlobalSection
EndGlobal
